{
    "_readme": [
        "This file locks the dependencies of your project to a known state",
        "Read more about it at http://getcomposer.org/doc/01-basic-usage.md#composer-lock-the-lock-file",
        "This file is @generated automatically"
    ],
    "hash": "f6ed0efcd7a48cf9bf32cd83557fab2a",
    "packages": [
        {
            "name": "afragen/github-updater",
            "version": "4.3.0",
            "source": {
                "type": "git",
                "url": "https://github.com/afragen/github-updater.git",
                "reference": "da1d1760e8a64b1032e46b98be3017f68b8dabd4"
            },
            "dist": {
                "type": "zip",
                "url": "https://api.github.com/repos/afragen/github-updater/zipball/da1d1760e8a64b1032e46b98be3017f68b8dabd4",
                "reference": "da1d1760e8a64b1032e46b98be3017f68b8dabd4",
                "shasum": ""
            },
            "require": {
                "composer/installers": "~1.0",
                "php": ">=5.3"
            },
            "type": "wordpress-plugin",
            "notification-url": "https://packagist.org/downloads/",
            "license": [
                "GPLv2"
            ],
            "authors": [
                {
                    "name": "Andy Fragen",
                    "email": "andy@thefragens.com",
                    "homepage": "http://thefragens.com",
                    "role": "Developer"
                }
            ],
            "keywords": [
                "plugin",
                "updater",
                "wordpress"
            ],
            "time": "2015-04-04 05:13:18"
        },
        {
            "name": "composer/installers",
            "version": "dev-master",
            "source": {
                "type": "git",
                "url": "https://github.com/composer/installers.git",
                "reference": "f8c20b427de1cfe7a28a015c1640ce4e4eef1e33"
            },
            "dist": {
                "type": "zip",
                "url": "https://api.github.com/repos/composer/installers/zipball/f8c20b427de1cfe7a28a015c1640ce4e4eef1e33",
                "reference": "f8c20b427de1cfe7a28a015c1640ce4e4eef1e33",
                "shasum": ""
            },
            "replace": {
                "roundcube/plugin-installer": "*",
                "shama/baton": "*"
            },
            "require-dev": {
                "composer/composer": "1.0.*@dev",
                "phpunit/phpunit": "4.1.*"
            },
            "type": "composer-installer",
            "extra": {
                "class": "Composer\\Installers\\Installer",
                "branch-alias": {
                    "dev-master": "1.0-dev"
                }
            },
            "autoload": {
                "psr-0": {
                    "Composer\\Installers\\": "src/"
                }
            },
            "notification-url": "https://packagist.org/downloads/",
            "license": [
                "MIT"
            ],
            "authors": [
                {
                    "name": "Kyle Robinson Young",
                    "email": "kyle@dontkry.com",
                    "homepage": "https://github.com/shama"
                }
            ],
            "description": "A multi-framework Composer library installer",
            "homepage": "http://composer.github.com/installers/",
            "keywords": [
                "Craft",
                "Dolibarr",
                "Hurad",
                "MODX Evo",
                "OXID",
                "SMF",
                "Thelia",
                "WolfCMS",
                "agl",
                "aimeos",
                "annotatecms",
                "bitrix",
                "cakephp",
                "chef",
                "codeigniter",
                "concrete5",
                "croogo",
                "dokuwiki",
                "drupal",
                "elgg",
                "fuelphp",
                "grav",
                "installer",
                "joomla",
                "kohana",
                "laravel",
                "lithium",
                "magento",
                "mako",
                "mediawiki",
                "modulework",
                "moodle",
                "phpbb",
                "piwik",
                "ppi",
                "puppet",
                "roundcube",
                "shopware",
                "silverstripe",
                "symfony",
                "typo3",
                "wordpress",
                "zend",
                "zikula"
            ],
            "time": "2015-03-26 16:11:30"
        },
        {
            "name": "wp-sync-db/wp-sync-db",
            "version": "dev-master",
            "source": {
                "type": "git",
                "url": "https://github.com/wp-sync-db/wp-sync-db.git",
                "reference": "4d7856a404264e47af75853fafc1dff54b264eec"
            },
            "dist": {
                "type": "zip",
                "url": "https://api.github.com/repos/wp-sync-db/wp-sync-db/zipball/4d7856a404264e47af75853fafc1dff54b264eec",
                "reference": "4d7856a404264e47af75853fafc1dff54b264eec",
                "shasum": ""
            },
            "require": {
                "composer/installers": "~1.0.6"
            },
            "type": "wordpress-plugin",
            "notification-url": "https://packagist.org/downloads/",
            "license": [
                "GPLv2"
            ],
            "description": "WP Sync DB eliminates the manual work of migrating a WP database.",
            "homepage": "https://github.com/wp-sync-db/wp-sync-db",
            "keywords": [
                "db",
                "plugin",
                "wordpress",
                "wp-sync-db"
            ],
            "time": "2015-02-11 00:51:57"
        }
    ],
    "packages-dev": [],
    "aliases": [],
    "minimum-stability": "dev",
    "stability-flags": {
        "wp-sync-db/wp-sync-db": 20,
        "composer/installers": 20
    },
    "prefer-stable": false,
    "prefer-lowest": false,
    "platform": [],
    "platform-dev": []
}
